
Microsoft Visual Studio Solution File, Format Version 12.00
# Visual Studio Version 17
VisualStudioVersion = 17.11.35303.130
MinimumVisualStudioVersion = 10.0.40219.1
Project("{2150E333-8FDC-42A3-9474-1A3956D46DE8}") = "Task0", "Task0", "{A95B08B7-53A9-428C-AA8F-2977D3781701}"
EndProject
Project("{FAE04EC0-301F-11D3-BF4B-00C04F79EFBC}") = "Tyuiu.GolubevDS.Sprint3.Task0.V15", "Tyuiu.GolubevDS.Sprint3.Task0.V15\Tyuiu.GolubevDS.Sprint3.Task0.V15.csproj", "{32D2848B-1B35-4026-872F-EE32DA3B117F}"
EndProject
Project("{FAE04EC0-301F-11D3-BF4B-00C04F79EFBC}") = "Tyuiu.GolubevDS.Sprint3.Task0.V15.Test", "Tyuiu.GolubevDS.Sprint3.Task0.V15.Test\Tyuiu.GolubevDS.Sprint3.Task0.V15.Test.csproj", "{361AE502-87F5-404A-B032-72EE9FF6A009}"
EndProject
Project("{FAE04EC0-301F-11D3-BF4B-00C04F79EFBC}") = "Tyuiu.GolubevDS.Sprint3.Task0.V15.Lib", "Tyuiu.GolubevDS.Sprint3.Task0.V15.Lib\Tyuiu.GolubevDS.Sprint3.Task0.V15.Lib.csproj", "{549398E5-E557-4822-B95D-32567F6897D4}"
EndProject
Global
	GlobalSection(SolutionConfigurationPlatforms) = preSolution
		Debug|Any CPU = Debug|Any CPU
		Release|Any CPU = Release|Any CPU
	EndGlobalSection
	GlobalSection(ProjectConfigurationPlatforms) = postSolution
		{32D2848B-1B35-4026-872F-EE32DA3B117F}.Debug|Any CPU.ActiveCfg = Debug|Any CPU
		{32D2848B-1B35-4026-872F-EE32DA3B117F}.Debug|Any CPU.Build.0 = Debug|Any CPU
		{32D2848B-1B35-4026-872F-EE32DA3B117F}.Release|Any CPU.ActiveCfg = Release|Any CPU
		{32D2848B-1B35-4026-872F-EE32DA3B117F}.Release|Any CPU.Build.0 = Release|Any CPU
		{361AE502-87F5-404A-B032-72EE9FF6A009}.Debug|Any CPU.ActiveCfg = Debug|Any CPU
		{361AE502-87F5-404A-B032-72EE9FF6A009}.Debug|Any CPU.Build.0 = Debug|Any CPU
		{361AE502-87F5-404A-B032-72EE9FF6A009}.Release|Any CPU.ActiveCfg = Release|Any CPU
		{361AE502-87F5-404A-B032-72EE9FF6A009}.Release|Any CPU.Build.0 = Release|Any CPU
		{549398E5-E557-4822-B95D-32567F6897D4}.Debug|Any CPU.ActiveCfg = Debug|Any CPU
		{549398E5-E557-4822-B95D-32567F6897D4}.Debug|Any CPU.Build.0 = Debug|Any CPU
		{549398E5-E557-4822-B95D-32567F6897D4}.Release|Any CPU.ActiveCfg = Release|Any CPU
		{549398E5-E557-4822-B95D-32567F6897D4}.Release|Any CPU.Build.0 = Release|Any CPU
	EndGlobalSection
	GlobalSection(SolutionProperties) = preSolution
		HideSolutionNode = FALSE
	EndGlobalSection
	GlobalSection(NestedProjects) = preSolution
		{32D2848B-1B35-4026-872F-EE32DA3B117F} = {A95B08B7-53A9-428C-AA8F-2977D3781701}
		{361AE502-87F5-404A-B032-72EE9FF6A009} = {A95B08B7-53A9-428C-AA8F-2977D3781701}
		{549398E5-E557-4822-B95D-32567F6897D4} = {A95B08B7-53A9-428C-AA8F-2977D3781701}
	EndGlobalSection
	GlobalSection(ExtensibilityGlobals) = postSolution
		SolutionGuid = {9960714D-82E0-4109-8FC8-96266C1857ED}
	EndGlobalSection
EndGlobal
